// !$*UTF8*$!
{
	archiveVersion = 1;
	classes = {
	};
	objectVersion = 50;
	objects = {

/* Begin PBXBuildFile section */
		6B8A8FA32304826F00ACA505 /* AppDelegate.swift in Sources */ = {isa = PBXBuildFile; fileRef = 6B8A8FA22304826F00ACA505 /* AppDelegate.swift */; };
		6B8A8FA52304826F00ACA505 /* ViewController.swift in Sources */ = {isa = PBXBuildFile; fileRef = 6B8A8FA42304826F00ACA505 /* ViewController.swift */; };
		6B8A8FA82304826F00ACA505 /* Main.storyboard in Resources */ = {isa = PBXBuildFile; fileRef = 6B8A8FA62304826F00ACA505 /* Main.storyboard */; };
		6B8A8FAA2304827100ACA505 /* Assets.xcassets in Resources */ = {isa = PBXBuildFile; fileRef = 6B8A8FA92304827100ACA505 /* Assets.xcassets */; };
		6B8A8FAD2304827100ACA505 /* LaunchScreen.storyboard in Resources */ = {isa = PBXBuildFile; fileRef = 6B8A8FAB2304827100ACA505 /* LaunchScreen.storyboard */; };
/* End PBXBuildFile section */

/* Begin PBXFileReference section */
		6B8A8F9F2304826F00ACA505 /* TextToSpeech-AVSpeechSynthesizer.app */ = {isa = PBXFileReference; explicitFileType = wrapper.application; includeInIndex = 0; path = "TextToSpeech-AVSpeechSynthesizer.app"; sourceTree = BUILT_PRODUCTS_DIR; };
		6B8A8FA22304826F00ACA505 /* AppDelegate.swift */ = {isa = PBXFileReference; lastKnownFileType = sourcecode.swift; path = AppDelegate.swift; sourceTree = "<group>"; };
		6B8A8FA42304826F00ACA505 /* ViewController.swift */ = {isa = PBXFileReference; lastKnownFileType = sourcecode.swift; path = ViewController.swift; sourceTree = "<group>"; };
		6B8A8FA72304826F00ACA505 /* Base */ = {isa = PBXFileReference; lastKnownFileType = file.storyboard; name = Base; path = Base.lproj/Main.storyboard; sourceTree = "<group>"; };
		6B8A8FA92304827100ACA505 /* Assets.xcassets */ = {isa = PBXFileReference; lastKnownFileType = folder.assetcatalog; path = Assets.xcassets; sourceTree = "<group>"; };
		6B8A8FAC2304827100ACA505 /* Base */ = {isa = PBXFileReference; lastKnownFileType = file.storyboard; name = Base; path = Base.lproj/LaunchScreen.storyboard; sourceTree = "<group>"; };
		6B8A8FAE2304827100ACA505 /* Info.plist */ = {isa = PBXFileReference; lastKnownFileType = text.plist.xml; path = Info.plist; sourceTree = "<group>"; };
/* End PBXFileReference section */

/* Begin PBXFrameworksBuildPhase section */
		6B8A8F9C2304826F00ACA505 /* Frameworks */ = {
			isa = PBXFrameworksBuildPhase;
			buildActionMask = 2147483647;
			files = (
			);
			runOnlyForDeploymentPostprocessing = 0;
		};
/* End PBXFrameworksBuildPhase section */

/* Begin PBXGroup section */
		6B8A8F962304826F00ACA505 = {
			isa = PBXGroup;
			children = (
				6B8A8FA12304826F00ACA505 /* TextToSpeech-AVSpeechSynthesizer */,
				6B8A8FA02304826F00ACA505 /* Products */,
			);
			sourceTree = "<group>";
		};
		6B8A8FA02304826F00ACA505 /* Products */ = {
			isa = PBXGroup;
			children = (
				6B8A8F9F2304826F00ACA505 /* TextToSpeech-AVSpeechSynthesizer.app */,
			);
			name = Products;
			sourceTree = "<group>";
		};
		6B8A8FA12304826F00ACA505 /* TextToSpeech-AVSpeechSynthesizer */ = {
			isa = PBXGroup;
			children = (
				6B8A8FA22304826F00ACA505 /* AppDelegate.swift */,
				6B8A8FA42304826F00ACA505 /* ViewController.swift */,
				6B8A8FA62304826F00ACA505 /* Main.storyboard */,
				6B8A8FA92304827100ACA505 /* Assets.xcassets */,
				6B8A8FAB2304827100ACA505 /* LaunchScreen.storyboard */,
				6B8A8FAE2304827100ACA505 /* Info.plist */,
			);
			path = "TextToSpeech-AVSpeechSynthesizer";
			sourceTree = "<group>";
		};
/* End PBXGroup section */

/* Begin PBXNativeTarget section */
		6B8A8F9E2304826F00ACA505 /* TextToSpeech-AVSpeechSynthesizer */ = {
			isa = PBXNativeTarget;
			buildConfigurationList = 6B8A8FB12304827100ACA505 /* Build configuration list for PBXNativeTarget "TextToSpeech-AVSpeechSynthesizer" */;
			buildPhases = (
				6B8A8F9B2304826F00ACA505 /* Sources */,
				6B8A8F9C2304826F00ACA505 /* Frameworks */,
				6B8A8F9D2304826F00ACA505 /* Resources */,
			);
			buildRules = (
			);
			dependencies = (
			);
			name = "TextToSpeech-AVSpeechSynthesizer";
			productName = "TextToSpeech-AVSpeechSynthesizer";
			productReference = 6B8A8F9F2304826F00ACA505 /* TextToSpeech-AVSpeechSynthesizer.app */;
			productType = "com.apple.product-type.application";
		};
/* End PBXNativeTarget section */

/* Begin PBXProject section */
		6B8A8F972304826F00ACA505 /* Project object */ = {
			isa = PBXProject;
			attributes = {
				LastSwiftUpdateCheck = 1010;
				LastUpgradeCheck = 1010;
				ORGANIZATIONNAME = huzaifa;
				TargetAttributes = {
					6B8A8F9E2304826F00ACA505 = {
						CreatedOnToolsVersion = 10.1;
					};
				};
			};
			buildConfigurationList = 6B8A8F9A2304826F00ACA505 /* Build configuration list for PBXProject "TextToSpeech-AVSpeechSynthesizer" */;
			compatibilityVersion = "Xcode 9.3";
			developmentRegion = en;
			hasScannedForEncodings = 0;
			knownRegions = (
				en,
				Base,
			);
			mainGroup = 6B8A8F962304826F00ACA505;
			productRefGroup = 6B8A8FA02304826F00ACA505 /* Products */;
			projectDirPath = "";
			projectRoot = "";
			targets = (
				6B8A8F9E2304826F00ACA505 /* TextToSpeech-AVSpeechSynthesizer */,
			);
		};
/* End PBXProject section */

/* Begin PBXResourcesBuildPhase section */
		6B8A8F9D2304826F00ACA505 /* Resources */ = {
			isa = PBXResourcesBuildPhase;
			buildActionMask = 2147483647;
			files = (
				6B8A8FAD2304827100ACA505 /* LaunchScreen.storyboard in Resources */,
				6B8A8FAA2304827100ACA505 /* Assets.xcassets in Resources */,
				6B8A8FA82304826F00ACA505 /* Main.storyboard in Resources */,
			);
			runOnlyForDeploymentPostprocessing = 0;
		};
/* End PBXResourcesBuildPhase section */

/* Begin PBXSourcesBuildPhase section */
		6B8A8F9B2304826F00ACA505 /* Sources */ = {
			isa = PBXSourcesBuildPhase;
			buildActionMask = 2147483647;
			files = (
				6B8A8FA52304826F00ACA505 /* ViewController.swift in Sources */,
				6B8A8FA32304826F00ACA505 /* AppDelegate.swift in Sources */,
			);
			runOnlyForDeploymentPostprocessing = 0;
		};
/* End PBXSourcesBuildPhase section */

/* Begin PBXVariantGroup section */
		6B8A8FA62304826F00ACA505 /* Main.storyboard */ = {
			isa = PBXVariantGroup;
			children = (
				6B8A8FA72304826F00ACA505 /* Base */,
			);
			name = Main.storyboard;
			sourceTree = "<group>";
		};
		6B8A8FAB2304827100ACA505 /* LaunchScreen.storyboard */ = {
			isa = PBXVariantGroup;
			children = (
				6B8A8FAC2304827100ACA505 /* Base */,
			);
			name = LaunchScreen.storyboard;
			sourceTree = "<group>";
		};
/* End PBXVariantGroup section */

/* Begin XCBuildConfiguration section */
		6B8A8FAF2304827100ACA505 /* Debug */ = {
			isa = XCBuildConfiguration;
			buildSettings = {
				ALWAYS_SEARCH_USER_PATHS = NO;
				CLANG_ANALYZER_NONNULL = YES;
				CLANG_ANALYZER_NUMBER_OBJECT_CONVERSION = YES_AGGRESSIVE;
				CLANG_CXX_LANGUAGE_STANDARD = "gnu++14";
				CLANG_CXX_LIBRARY = "libc++";
				CLANG_ENABLE_MODULES = YES;
				CLANG_ENABLE_OBJC_ARC = YES;
				CLANG_ENABLE_OBJC_WEAK = YES;
				CLANG_WARN_BLOCK_CAPTURE_AUTORELEASING = YES;
				CLANG_WARN_BOOL_CONVERSION = YES;
				CLANG_WARN_COMMA = YES;
				CLANG_WARN_CONSTANT_CONVERSION = YES;
				CLANG_WARN_DEPRECATED_OBJC_IMPLEMENTATIONS = YES;
				CLANG_WARN_DIRECT_OBJC_ISA_USAGE = YES_ERROR;
				CLANG_WARN_DOCUMENTATION_COMMENTS = YES;
				CLANG_WARN_EMPTY_BODY = YES;
				CLANG_WARN_ENUM_CONVERSION = YES;
				CLANG_WARN_INFINITE_RECURSION = YES;
				CLANG_WARN_INT_CONVERSION = YES;
				CLANG_WARN_NON_LITERAL_NULL_CONVERSION = YES;
				CLANG_WARN_OBJC_IMPLICIT_RETAIN_SELF = YES;
				CLANG_WARN_OBJC_LITERAL_CONVERSION = YES;
				CLANG_WARN_OBJC_ROOT_CLASS = YES_ERROR;
				CLANG_WARN_RANGE_LOOP_ANALYSIS = YES;
				CLANG_WARN_STRICT_PROTOTYPES = YES;
				CLANG_WARN_SUSPICIOUS_MOVE = YES;
				CLANG_WARN_UNGUARDED_AVAILABILITY = YES_AGGRESSIVE;
				CLANG_WARN_UNREACHABLE_CODE = YES;
				CLANG_WARN__DUPLICATE_METHOD_MATCH = YES;
				CODE_SIGN_IDENTITY = "iPhone Developer";
				COPY_PHASE_STRIP = NO;
				DEBUG_INFORMATION_FORMAT = dwarf;
				ENABLE_STRICT_OBJC_MSGSEND = YES;
				ENABLE_TESTABILITY = YES;
				GCC_C_LANGUAGE_STANDARD = gnu11;
				GCC_DYNAMIC_NO_PIC = NO;
				GCC_NO_COMMON_BLOCKS = YES;
				GCC_OPTIMIZATION_LEVEL = 0;
				GCC_PREPROCESSOR_DEFINITIONS = (
					"DEBUG=1",
					"$(inherited)",
				);
				GCC_WARN_64_TO_32_BIT_CONVERSION = YES;
				GCC_WARN_ABOUT_RETURN_TYPE = YES_ERROR;
				GCC_WARN_UNDECLARED_SELECTOR = YES;
				GCC_WARN_UNINITIALIZED_AUTOS = YES_AGGRESSIVE;
				GCC_WARN_UNUSED_FUNCTION = YES;
				GCC_WARN_UNUSED_VARIABLE = YES;
				IPHONEOS_DEPLOYMENT_TARGET = 12.1;
				MTL_ENABLE_DEBUG_INFO = INCLUDE_SOURCE;
				MTL_FAST_MATH = YES;
				ONLY_ACTIVE_ARCH = YES;
				SDKROOT = iphoneos;
				SWIFT_ACTIVE_COMPILATION_CONDITIONS = DEBUG;
				SWIFT_OPTIMIZATION_LEVEL = "-Onone";
			};
			name = Debug;
		};
		6B8A8FB02304827100ACA505 /* Release */ = {
			isa = XCBuildConfiguration;
			buildSettings = {
				ALWAYS_SEARCH_USER_PATHS = NO;
				CLANG_ANALYZER_NONNULL = YES;
				CLANG_ANALYZER_NUMBER_OBJECT_CONVERSION = YES_AGGRESSIVE;
				CLANG_CXX_LANGUAGE_STANDARD = "gnu++14";
				CLANG_CXX_LIBRARY = "libc++";
				CLANG_ENABLE_MODULES = YES;
				CLANG_ENABLE_OBJC_ARC = YES;
				CLANG_ENABLE_OBJC_WEAK = YES;
				CLANG_WARN_BLOCK_CAPTURE_AUTORELEASING = YES;
				CLANG_WARN_BOOL_CONVERSION = YES;
				CLANG_WARN_COMMA = YES;
				CLANG_WARN_CONSTANT_CONVERSION = YES;
				CLANG_WARN_DEPRECATED_OBJC_IMPLEMENTATIONS = YES;
				CLANG_WARN_DIRECT_OBJC_ISA_USAGE = YES_ERROR;
				CLANG_WARN_DOCUMENTATION_COMMENTS = YES;
				CLANG_WARN_EMPTY_BODY = YES;
				CLANG_WARN_ENUM_CONVERSION = YES;
				CLANG_WARN_INFINITE_RECURSION = YES;
				CLANG_WARN_INT_CONVERSION = YES;
				CLANG_WARN_NON_LITERAL_NULL_CONVERSION = YES;
				CLANG_WARN_OBJC_IMPLICIT_RETAIN_SELF = YES;
				CLANG_WARN_OBJC_LITERAL_CONVERSION = YES;
				CLANG_WARN_OBJC_ROOT_CLASS = YES_ERROR;
				CLANG_WARN_RANGE_LOOP_ANALYSIS = YES;
				CLANG_WARN_STRICT_PROTOTYPES = YES;
				CLANG_WARN_SUSPICIOUS_MOVE = YES;
				CLANG_WARN_UNGUARDED_AVAILABILITY = YES_AGGRESSIVE;
				CLANG_WARN_UNREACHABLE_CODE = YES;
				CLANG_WARN__DUPLICATE_METHOD_MATCH = YES;
				CODE_SIGN_IDENTITY = "iPhone Developer";
				COPY_PHASE_STRIP = NO;
				DEBUG_INFORMATION_FORMAT = "dwarf-with-dsym";
				ENABLE_NS_ASSERTIONS = NO;
				ENABLE_STRICT_OBJC_MSGSEND = YES;
				GCC_C_LANGUAGE_STANDARD = gnu11;
				GCC_NO_COMMON_BLOCKS = YES;
				GCC_WARN_64_TO_32_BIT_CONVERSION = YES;
				GCC_WARN_ABOUT_RETURN_TYPE = YES_ERROR;
				GCC_WARN_UNDECLARED_SELECTOR = YES;
				GCC_WARN_UNINITIALIZED_AUTOS = YES_AGGRESSIVE;
				GCC_WARN_UNUSED_FUNCTION = YES;
				GCC_WARN_UNUSED_VARIABLE = YES;
				IPHONEOS_DEPLOYMENT_TARGET = 12.1;
				MTL_ENABLE_DEBUG_INFO = NO;
				MTL_FAST_MATH = YES;
				SDKROOT = iphoneos;
				SWIFT_COMPILATION_MODE = wholemodule;
				SWIFT_OPTIMIZATION_LEVEL = "-O";
				VALIDATE_PRODUCT = YES;
			};
			name = Release;
		};
		6B8A8FB22304827100ACA505 /* Debug */ = {
			isa = XCBuildConfiguration;
			buildSettings = {
				ASSETCATALOG_COMPILER_APPICON_NAME = AppIcon;
				CODE_SIGN_STYLE = Automatic;
				INFOPLIST_FILE = "TextToSpeech-AVSpeechSynthesizer/Info.plist";
				LD_RUNPATH_SEARCH_PATHS = (
					"$(inherited)",
					"@executable_path/Frameworks",
				);
				PRODUCT_BUNDLE_IDENTIFIER = "com.admin.TextToSpeech-AVSpeechSynthesizer";
				PRODUCT_NAME = "$(TARGET_NAME)";
				SWIFT_VERSION = 4.2;
				TARGETED_DEVICE_FAMILY = "1,2";
			};
			name = Debug;
		};
		6B8A8FB32304827100ACA505 /* Release */ = {
			isa = XCBuildConfiguration;
			buildSettings = {
				ASSETCATALOG_COMPILER_APPICON_NAME = AppIcon;
				CODE_SIGN_STYLE = Automatic;
				INFOPLIST_FILE = "TextToSpeech-AVSpeechSynthesizer/Info.plist";
				LD_RUNPATH_SEARCH_PATHS = (
					"$(inherited)",
					"@executable_path/Frameworks",
				);
				PRODUCT_BUNDLE_IDENTIFIER = "com.admin.TextToSpeech-AVSpeechSynthesizer";
				PRODUCT_NAME = "$(TARGET_NAME)";
				SWIFT_VERSION = 4.2;
				TARGETED_DEVICE_FAMILY = "1,2";
			};
			name = Release;
		};
/* End XCBuildConfiguration section */

/* Begin XCConfigurationList section */
		6B8A8F9A2304826F00ACA505 /* Build configuration list for PBXProject "TextToSpeech-AVSpeechSynthesizer" */ = {
			isa = XCConfigurationList;
			buildConfigurations = (
				6B8A8FAF2304827100ACA505 /* Debug */,
				6B8A8FB02304827100ACA505 /* Release */,
			);
			defaultConfigurationIsVisible = 0;
			defaultConfigurationName = Release;
		};
		6B8A8FB12304827100ACA505 /* Build configuration list for PBXNativeTarget "TextToSpeech-AVSpeechSynthesizer" */ = {
			isa = XCConfigurationList;
			buildConfigurations = (
				6B8A8FB22304827100ACA505 /* Debug */,
				6B8A8FB32304827100ACA505 /* Release */,
			);
			defaultConfigurationIsVisible = 0;
			defaultConfigurationName = Release;
		};
/* End XCConfigurationList section */
	};
	rootObject = 6B8A8F972304826F00ACA505 /* Project object */;
}
